// !$*UTF8*$!
{
	archiveVersion = 1;
	classes = {
	};
	objectVersion = 56;
	objects = {

/* Begin PBXBuildFile section */
		950C11C82BADE9EA0082A4CC /* main.c in Sources */ = {isa = PBXBuildFile; fileRef = 950C11C72BADE9EA0082A4CC /* main.c */; };
		950C11D02BADEA090082A4CC /* printf.c in Sources */ = {isa = PBXBuildFile; fileRef = 950C11CF2BADEA090082A4CC /* printf.c */; };
		950C11D22BADF2CA0082A4CC /* utils.c in Sources */ = {isa = PBXBuildFile; fileRef = 950C11D12BADF2CA0082A4CC /* utils.c */; };
		950EA3CF2BAE8B1600033932 /* render.c in Sources */ = {isa = PBXBuildFile; fileRef = 950EA3CE2BAE8B1600033932 /* render.c */; };
		95C5F4EF2BAE18D7007D050B /* libft.a in Frameworks */ = {isa = PBXBuildFile; fileRef = 95C5F4EE2BAE18D7007D050B /* libft.a */; };
		95C5F4F12BAE1C28007D050B /* parser.c in Sources */ = {isa = PBXBuildFile; fileRef = 95C5F4F02BAE1C28007D050B /* parser.c */; };
		95C5F4F32BAE29C0007D050B /* buffer.c in Sources */ = {isa = PBXBuildFile; fileRef = 95C5F4F22BAE29C0007D050B /* buffer.c */; };
		95E9B8342BAF063B00CFD8E6 /* ft_printf_tests.m in Sources */ = {isa = PBXBuildFile; fileRef = 95E9B8332BAF063B00CFD8E6 /* ft_printf_tests.m */; };
		95F194AB2BB05EB20001B367 /* libft.a in Frameworks */ = {isa = PBXBuildFile; fileRef = 95C5F4E52BAE13A8007D050B /* libft.a */; };
		95F194AC2BB05EC80001B367 /* main.c in Sources */ = {isa = PBXBuildFile; fileRef = 950C11C72BADE9EA0082A4CC /* main.c */; };
		95F194AD2BB05EC80001B367 /* printf.c in Sources */ = {isa = PBXBuildFile; fileRef = 950C11CF2BADEA090082A4CC /* printf.c */; };
		95F194AE2BB05EC80001B367 /* render.c in Sources */ = {isa = PBXBuildFile; fileRef = 950EA3CE2BAE8B1600033932 /* render.c */; };
		95F194AF2BB05EC80001B367 /* buffer.c in Sources */ = {isa = PBXBuildFile; fileRef = 95C5F4F22BAE29C0007D050B /* buffer.c */; };
		95F194B02BB05EC80001B367 /* parser.c in Sources */ = {isa = PBXBuildFile; fileRef = 95C5F4F02BAE1C28007D050B /* parser.c */; };
		95F194B12BB05EC80001B367 /* utils.c in Sources */ = {isa = PBXBuildFile; fileRef = 950C11D12BADF2CA0082A4CC /* utils.c */; };
		95F194B32BB31DBB0001B367 /* unpack.c in Sources */ = {isa = PBXBuildFile; fileRef = 95F194B22BB31DBB0001B367 /* unpack.c */; };
		95F194B42BB31DBB0001B367 /* unpack.c in Sources */ = {isa = PBXBuildFile; fileRef = 95F194B22BB31DBB0001B367 /* unpack.c */; };
/* End PBXBuildFile section */

/* Begin PBXContainerItemProxy section */
		95C5F4E42BAE13A8007D050B /* PBXContainerItemProxy */ = {
			isa = PBXContainerItemProxy;
			containerPortal = 95C5F4E02BAE13A8007D050B /* ft.xcodeproj */;
			proxyType = 2;
			remoteGlobalIDString = 95C5ED102BADF718007D050B;
			remoteInfo = ft;
		};
		95F194A62BB05E140001B367 /* PBXContainerItemProxy */ = {
			isa = PBXContainerItemProxy;
			containerPortal = 950C11BC2BADE9EA0082A4CC /* Project object */;
			proxyType = 1;
			remoteGlobalIDString = 950C11C32BADE9EA0082A4CC;
			remoteInfo = ft_printf;
		};
		95F194A82BB05E140001B367 /* PBXContainerItemProxy */ = {
			isa = PBXContainerItemProxy;
			containerPortal = 95C5F4E02BAE13A8007D050B /* ft.xcodeproj */;
			proxyType = 1;
			remoteGlobalIDString = 95BDF39F2B8F84CE00DE1864;
			remoteInfo = ft;
		};
/* End PBXContainerItemProxy section */

/* Begin PBXCopyFilesBuildPhase section */
		950C11C22BADE9EA0082A4CC /* CopyFiles */ = {
			isa = PBXCopyFilesBuildPhase;
			buildActionMask = 2147483647;
			dstPath = /usr/share/man/man1/;
			dstSubfolderSpec = 0;
			files = (
			);
			runOnlyForDeploymentPostprocessing = 1;
		};
/* End PBXCopyFilesBuildPhase section */

/* Begin PBXFileReference section */
		950C11C42BADE9EA0082A4CC /* ft_printf */ = {isa = PBXFileReference; explicitFileType = "compiled.mach-o.executable"; includeInIndex = 0; path = ft_printf; sourceTree = BUILT_PRODUCTS_DIR; };
		950C11C72BADE9EA0082A4CC /* main.c */ = {isa = PBXFileReference; lastKnownFileType = sourcecode.c.c; path = main.c; sourceTree = "<group>"; };
		950C11CE2BADEA090082A4CC /* printf.h */ = {isa = PBXFileReference; lastKnownFileType = sourcecode.c.h; path = printf.h; sourceTree = "<group>"; };
		950C11CF2BADEA090082A4CC /* printf.c */ = {isa = PBXFileReference; lastKnownFileType = sourcecode.c.c; path = printf.c; sourceTree = "<group>"; };
		950C11D12BADF2CA0082A4CC /* utils.c */ = {isa = PBXFileReference; lastKnownFileType = sourcecode.c.c; path = utils.c; sourceTree = "<group>"; };
		950EA3CE2BAE8B1600033932 /* render.c */ = {isa = PBXFileReference; lastKnownFileType = sourcecode.c.c; path = render.c; sourceTree = "<group>"; };
		95C5F4D42BADF771007D050B /* libft.a */ = {isa = PBXFileReference; lastKnownFileType = archive.ar; name = libft.a; path = ../ft/DerivedData/ft/Build/Products/Release/libft.a; sourceTree = "<group>"; };
		95C5F4E02BAE13A8007D050B /* ft.xcodeproj */ = {isa = PBXFileReference; lastKnownFileType = "wrapper.pb-project"; name = ft.xcodeproj; path = ../ft/ft.xcodeproj; sourceTree = "<group>"; };
		95C5F4E72BAE13C9007D050B /* xcschememanagement.plist */ = {isa = PBXFileReference; lastKnownFileType = text.plist.xml; path = xcschememanagement.plist; sourceTree = "<group>"; };
		95C5F4EE2BAE18D7007D050B /* libft.a */ = {isa = PBXFileReference; lastKnownFileType = archive.ar; path = libft.a; sourceTree = "<group>"; };
		95C5F4F02BAE1C28007D050B /* parser.c */ = {isa = PBXFileReference; lastKnownFileType = sourcecode.c.c; path = parser.c; sourceTree = "<group>"; };
		95C5F4F22BAE29C0007D050B /* buffer.c */ = {isa = PBXFileReference; lastKnownFileType = sourcecode.c.c; path = buffer.c; sourceTree = "<group>"; };
		95E9B8312BAF063B00CFD8E6 /* ft_printf_tests.xctest */ = {isa = PBXFileReference; explicitFileType = wrapper.cfbundle; includeInIndex = 0; path = ft_printf_tests.xctest; sourceTree = BUILT_PRODUCTS_DIR; };
		95E9B8332BAF063B00CFD8E6 /* ft_printf_tests.m */ = {isa = PBXFileReference; lastKnownFileType = sourcecode.c.objc; path = ft_printf_tests.m; sourceTree = "<group>"; };
		95F194B22BB31DBB0001B367 /* unpack.c */ = {isa = PBXFileReference; lastKnownFileType = sourcecode.c.c; path = unpack.c; sourceTree = "<group>"; };
/* End PBXFileReference section */

/* Begin PBXFrameworksBuildPhase section */
		950C11C12BADE9EA0082A4CC /* Frameworks */ = {
			isa = PBXFrameworksBuildPhase;
			buildActionMask = 2147483647;
			files = (
				95C5F4EF2BAE18D7007D050B /* libft.a in Frameworks */,
			);
			runOnlyForDeploymentPostprocessing = 0;
		};
		95E9B82E2BAF063B00CFD8E6 /* Frameworks */ = {
			isa = PBXFrameworksBuildPhase;
			buildActionMask = 2147483647;
			files = (
				95F194AB2BB05EB20001B367 /* libft.a in Frameworks */,
			);
			runOnlyForDeploymentPostprocessing = 0;
		};
/* End PBXFrameworksBuildPhase section */

/* Begin PBXGroup section */
		950C11BB2BADE9EA0082A4CC = {
			isa = PBXGroup;
			children = (
				95C5F4EE2BAE18D7007D050B /* libft.a */,
				95C5F4E02BAE13A8007D050B /* ft.xcodeproj */,
				950C11C72BADE9EA0082A4CC /* main.c */,
				950C11CE2BADEA090082A4CC /* printf.h */,
				950C11CF2BADEA090082A4CC /* printf.c */,
				950EA3CE2BAE8B1600033932 /* render.c */,
				95C5F4F22BAE29C0007D050B /* buffer.c */,
				95F194B22BB31DBB0001B367 /* unpack.c */,
				95C5F4F02BAE1C28007D050B /* parser.c */,
				950C11D12BADF2CA0082A4CC /* utils.c */,
				95E9B8322BAF063B00CFD8E6 /* ft_printf_tests */,
				950C11C52BADE9EA0082A4CC /* Products */,
				95C5F4D32BADF770007D050B /* Frameworks */,
			);
			sourceTree = "<group>";
		};
		950C11C52BADE9EA0082A4CC /* Products */ = {
			isa = PBXGroup;
			children = (
				950C11C42BADE9EA0082A4CC /* ft_printf */,
				95E9B8312BAF063B00CFD8E6 /* ft_printf_tests.xctest */,
			);
			name = Products;
			sourceTree = "<group>";
		};
		95C5F4D32BADF770007D050B /* Frameworks */ = {
			isa = PBXGroup;
			children = (
				95C5F4E62BAE13C9007D050B /* xcschemes */,
				95C5F4D42BADF771007D050B /* libft.a */,
			);
			name = Frameworks;
			sourceTree = "<group>";
		};
		95C5F4E12BAE13A8007D050B /* Products */ = {
			isa = PBXGroup;
			children = (
				95C5F4E52BAE13A8007D050B /* libft.a */,
			);
			name = Products;
			sourceTree = "<group>";
		};
		95C5F4E62BAE13C9007D050B /* xcschemes */ = {
			isa = PBXGroup;
			children = (
				95C5F4E72BAE13C9007D050B /* xcschememanagement.plist */,
			);
			name = xcschemes;
			path = ft_printf.xcodeproj/xcuserdata/devjot.xcuserdatad/xcschemes;
			sourceTree = "<group>";
		};
		95E9B8322BAF063B00CFD8E6 /* ft_printf_tests */ = {
			isa = PBXGroup;
			children = (
				95E9B8332BAF063B00CFD8E6 /* ft_printf_tests.m */,
			);
			path = ft_printf_tests;
			sourceTree = "<group>";
		};
/* End PBXGroup section */

/* Begin PBXNativeTarget section */
		950C11C32BADE9EA0082A4CC /* ft_printf */ = {
			isa = PBXNativeTarget;
			buildConfigurationList = 950C11CB2BADE9EA0082A4CC /* Build configuration list for PBXNativeTarget "ft_printf" */;
			buildPhases = (
				950C11C02BADE9EA0082A4CC /* Sources */,
				950C11C12BADE9EA0082A4CC /* Frameworks */,
				950C11C22BADE9EA0082A4CC /* CopyFiles */,
			);
			buildRules = (
			);
			dependencies = (
			);
			name = ft_printf;
			productName = ft_printf;
			productReference = 950C11C42BADE9EA0082A4CC /* ft_printf */;
			productType = "com.apple.product-type.tool";
		};
		95E9B8302BAF063B00CFD8E6 /* ft_printf_tests */ = {
			isa = PBXNativeTarget;
			buildConfigurationList = 95E9B8352BAF063B00CFD8E6 /* Build configuration list for PBXNativeTarget "ft_printf_tests" */;
			buildPhases = (
				95E9B82D2BAF063B00CFD8E6 /* Sources */,
				95E9B82E2BAF063B00CFD8E6 /* Frameworks */,
				95E9B82F2BAF063B00CFD8E6 /* Resources */,
			);
			buildRules = (
			);
			dependencies = (
				95F194A72BB05E140001B367 /* PBXTargetDependency */,
				95F194A92BB05E140001B367 /* PBXTargetDependency */,
			);
			name = ft_printf_tests;
			productName = ft_printf_tests;
			productReference = 95E9B8312BAF063B00CFD8E6 /* ft_printf_tests.xctest */;
			productType = "com.apple.product-type.bundle.unit-test";
		};
/* End PBXNativeTarget section */

/* Begin PBXProject section */
		950C11BC2BADE9EA0082A4CC /* Project object */ = {
			isa = PBXProject;
			attributes = {
				BuildIndependentTargetsInParallel = 1;
				LastUpgradeCheck = 1520;
				TargetAttributes = {
					950C11C32BADE9EA0082A4CC = {
						CreatedOnToolsVersion = 15.2;
					};
					95E9B8302BAF063B00CFD8E6 = {
						CreatedOnToolsVersion = 15.2;
					};
				};
			};
			buildConfigurationList = 950C11BF2BADE9EA0082A4CC /* Build configuration list for PBXProject "ft_printf" */;
			compatibilityVersion = "Xcode 14.0";
			developmentRegion = en;
			hasScannedForEncodings = 0;
			knownRegions = (
				en,
				Base,
			);
			mainGroup = 950C11BB2BADE9EA0082A4CC;
			productRefGroup = 950C11C52BADE9EA0082A4CC /* Products */;
			projectDirPath = "";
			projectReferences = (
				{
					ProductGroup = 95C5F4E12BAE13A8007D050B /* Products */;
					ProjectRef = 95C5F4E02BAE13A8007D050B /* ft.xcodeproj */;
				},
			);
			projectRoot = "";
			targets = (
				950C11C32BADE9EA0082A4CC /* ft_printf */,
				95E9B8302BAF063B00CFD8E6 /* ft_printf_tests */,
			);
		};
/* End PBXProject section */

/* Begin PBXReferenceProxy section */
		95C5F4E52BAE13A8007D050B /* libft.a */ = {
			isa = PBXReferenceProxy;
			fileType = archive.ar;
			path = libft.a;
			remoteRef = 95C5F4E42BAE13A8007D050B /* PBXContainerItemProxy */;
			sourceTree = BUILT_PRODUCTS_DIR;
		};
/* End PBXReferenceProxy section */

/* Begin PBXResourcesBuildPhase section */
		95E9B82F2BAF063B00CFD8E6 /* Resources */ = {
			isa = PBXResourcesBuildPhase;
			buildActionMask = 2147483647;
			files = (
			);
			runOnlyForDeploymentPostprocessing = 0;
		};
/* End PBXResourcesBuildPhase section */

/* Begin PBXSourcesBuildPhase section */
		950C11C02BADE9EA0082A4CC /* Sources */ = {
			isa = PBXSourcesBuildPhase;
			buildActionMask = 2147483647;
			files = (
				950C11D22BADF2CA0082A4CC /* utils.c in Sources */,
				950EA3CF2BAE8B1600033932 /* render.c in Sources */,
				95F194B32BB31DBB0001B367 /* unpack.c in Sources */,
				950C11D02BADEA090082A4CC /* printf.c in Sources */,
				95C5F4F12BAE1C28007D050B /* parser.c in Sources */,
				95C5F4F32BAE29C0007D050B /* buffer.c in Sources */,
				950C11C82BADE9EA0082A4CC /* main.c in Sources */,
			);
			runOnlyForDeploymentPostprocessing = 0;
		};
		95E9B82D2BAF063B00CFD8E6 /* Sources */ = {
			isa = PBXSourcesBuildPhase;
			buildActionMask = 2147483647;
			files = (
				95F194AC2BB05EC80001B367 /* main.c in Sources */,
				95F194AD2BB05EC80001B367 /* printf.c in Sources */,
				95F194AE2BB05EC80001B367 /* render.c in Sources */,
				95F194B42BB31DBB0001B367 /* unpack.c in Sources */,
				95F194AF2BB05EC80001B367 /* buffer.c in Sources */,
				95F194B02BB05EC80001B367 /* parser.c in Sources */,
				95F194B12BB05EC80001B367 /* utils.c in Sources */,
				95E9B8342BAF063B00CFD8E6 /* ft_printf_tests.m in Sources */,
			);
			runOnlyForDeploymentPostprocessing = 0;
		};
/* End PBXSourcesBuildPhase section */

/* Begin PBXTargetDependency section */
		95F194A72BB05E140001B367 /* PBXTargetDependency */ = {
			isa = PBXTargetDependency;
			target = 950C11C32BADE9EA0082A4CC /* ft_printf */;
			targetProxy = 95F194A62BB05E140001B367 /* PBXContainerItemProxy */;
		};
		95F194A92BB05E140001B367 /* PBXTargetDependency */ = {
			isa = PBXTargetDependency;
			name = ft;
			targetProxy = 95F194A82BB05E140001B367 /* PBXContainerItemProxy */;
		};
/* End PBXTargetDependency section */

/* Begin XCBuildConfiguration section */
		950C11C92BADE9EA0082A4CC /* Debug */ = {
			isa = XCBuildConfiguration;
			buildSettings = {
				ALWAYS_SEARCH_USER_PATHS = NO;
				ASSETCATALOG_COMPILER_GENERATE_SWIFT_ASSET_SYMBOL_EXTENSIONS = YES;
				CLANG_ANALYZER_NONNULL = YES;
				CLANG_ANALYZER_NUMBER_OBJECT_CONVERSION = YES_AGGRESSIVE;
				CLANG_CXX_LANGUAGE_STANDARD = "gnu++20";
				CLANG_ENABLE_MODULES = YES;
				CLANG_ENABLE_OBJC_ARC = YES;
				CLANG_ENABLE_OBJC_WEAK = YES;
				CLANG_WARN_BLOCK_CAPTURE_AUTORELEASING = YES;
				CLANG_WARN_BOOL_CONVERSION = YES;
				CLANG_WARN_COMMA = YES;
				CLANG_WARN_CONSTANT_CONVERSION = YES;
				CLANG_WARN_DEPRECATED_OBJC_IMPLEMENTATIONS = YES;
				CLANG_WARN_DIRECT_OBJC_ISA_USAGE = YES_ERROR;
				CLANG_WARN_DOCUMENTATION_COMMENTS = YES;
				CLANG_WARN_EMPTY_BODY = YES;
				CLANG_WARN_ENUM_CONVERSION = YES;
				CLANG_WARN_INFINITE_RECURSION = YES;
				CLANG_WARN_INT_CONVERSION = YES;
				CLANG_WARN_NON_LITERAL_NULL_CONVERSION = YES;
				CLANG_WARN_OBJC_IMPLICIT_RETAIN_SELF = YES;
				CLANG_WARN_OBJC_LITERAL_CONVERSION = YES;
				CLANG_WARN_OBJC_ROOT_CLASS = YES_ERROR;
				CLANG_WARN_QUOTED_INCLUDE_IN_FRAMEWORK_HEADER = YES;
				CLANG_WARN_RANGE_LOOP_ANALYSIS = YES;
				CLANG_WARN_STRICT_PROTOTYPES = YES;
				CLANG_WARN_SUSPICIOUS_MOVE = YES;
				CLANG_WARN_UNGUARDED_AVAILABILITY = YES_AGGRESSIVE;
				CLANG_WARN_UNREACHABLE_CODE = YES;
				CLANG_WARN__DUPLICATE_METHOD_MATCH = YES;
				COPY_PHASE_STRIP = NO;
				DEBUG_INFORMATION_FORMAT = dwarf;
				ENABLE_STRICT_OBJC_MSGSEND = YES;
				ENABLE_TESTABILITY = YES;
				ENABLE_USER_SCRIPT_SANDBOXING = YES;
				GCC_C_LANGUAGE_STANDARD = gnu17;
				GCC_DYNAMIC_NO_PIC = NO;
				GCC_NO_COMMON_BLOCKS = YES;
				GCC_OPTIMIZATION_LEVEL = 0;
				GCC_PREPROCESSOR_DEFINITIONS = (
					"DEBUG=1",
					"$(inherited)",
				);
				GCC_WARN_64_TO_32_BIT_CONVERSION = YES;
				GCC_WARN_ABOUT_RETURN_TYPE = YES_ERROR;
				GCC_WARN_UNDECLARED_SELECTOR = YES;
				GCC_WARN_UNINITIALIZED_AUTOS = YES_AGGRESSIVE;
				GCC_WARN_UNUSED_FUNCTION = YES;
				GCC_WARN_UNUSED_VARIABLE = YES;
				LOCALIZATION_PREFERS_STRING_CATALOGS = YES;
				MACOSX_DEPLOYMENT_TARGET = 14.2;
				MTL_ENABLE_DEBUG_INFO = INCLUDE_SOURCE;
				MTL_FAST_MATH = YES;
				ONLY_ACTIVE_ARCH = YES;
				SDKROOT = macosx;
			};
			name = Debug;
		};
		950C11CA2BADE9EA0082A4CC /* Release */ = {
			isa = XCBuildConfiguration;
			buildSettings = {
				ALWAYS_SEARCH_USER_PATHS = NO;
				ASSETCATALOG_COMPILER_GENERATE_SWIFT_ASSET_SYMBOL_EXTENSIONS = YES;
				CLANG_ANALYZER_NONNULL = YES;
				CLANG_ANALYZER_NUMBER_OBJECT_CONVERSION = YES_AGGRESSIVE;
				CLANG_CXX_LANGUAGE_STANDARD = "gnu++20";
				CLANG_ENABLE_MODULES = YES;
				CLANG_ENABLE_OBJC_ARC = YES;
				CLANG_ENABLE_OBJC_WEAK = YES;
				CLANG_WARN_BLOCK_CAPTURE_AUTORELEASING = YES;
				CLANG_WARN_BOOL_CONVERSION = YES;
				CLANG_WARN_COMMA = YES;
				CLANG_WARN_CONSTANT_CONVERSION = YES;
				CLANG_WARN_DEPRECATED_OBJC_IMPLEMENTATIONS = YES;
				CLANG_WARN_DIRECT_OBJC_ISA_USAGE = YES_ERROR;
				CLANG_WARN_DOCUMENTATION_COMMENTS = YES;
				CLANG_WARN_EMPTY_BODY = YES;
				CLANG_WARN_ENUM_CONVERSION = YES;
				CLANG_WARN_INFINITE_RECURSION = YES;
				CLANG_WARN_INT_CONVERSION = YES;
				CLANG_WARN_NON_LITERAL_NULL_CONVERSION = YES;
				CLANG_WARN_OBJC_IMPLICIT_RETAIN_SELF = YES;
				CLANG_WARN_OBJC_LITERAL_CONVERSION = YES;
				CLANG_WARN_OBJC_ROOT_CLASS = YES_ERROR;
				CLANG_WARN_QUOTED_INCLUDE_IN_FRAMEWORK_HEADER = YES;
				CLANG_WARN_RANGE_LOOP_ANALYSIS = YES;
				CLANG_WARN_STRICT_PROTOTYPES = YES;
				CLANG_WARN_SUSPICIOUS_MOVE = YES;
				CLANG_WARN_UNGUARDED_AVAILABILITY = YES_AGGRESSIVE;
				CLANG_WARN_UNREACHABLE_CODE = YES;
				CLANG_WARN__DUPLICATE_METHOD_MATCH = YES;
				COPY_PHASE_STRIP = NO;
				DEBUG_INFORMATION_FORMAT = "dwarf-with-dsym";
				ENABLE_NS_ASSERTIONS = NO;
				ENABLE_STRICT_OBJC_MSGSEND = YES;
				ENABLE_USER_SCRIPT_SANDBOXING = YES;
				GCC_C_LANGUAGE_STANDARD = gnu17;
				GCC_NO_COMMON_BLOCKS = YES;
				GCC_WARN_64_TO_32_BIT_CONVERSION = YES;
				GCC_WARN_ABOUT_RETURN_TYPE = YES_ERROR;
				GCC_WARN_UNDECLARED_SELECTOR = YES;
				GCC_WARN_UNINITIALIZED_AUTOS = YES_AGGRESSIVE;
				GCC_WARN_UNUSED_FUNCTION = YES;
				GCC_WARN_UNUSED_VARIABLE = YES;
				LOCALIZATION_PREFERS_STRING_CATALOGS = YES;
				MACOSX_DEPLOYMENT_TARGET = 14.2;
				MTL_ENABLE_DEBUG_INFO = NO;
				MTL_FAST_MATH = YES;
				SDKROOT = macosx;
			};
			name = Release;
		};
		950C11CC2BADE9EA0082A4CC /* Debug */ = {
			isa = XCBuildConfiguration;
			buildSettings = {
				CODE_SIGN_STYLE = Automatic;
				DEAD_CODE_STRIPPING = NO;
				DEVELOPMENT_TEAM = UPP8BNC6VR;
				ENABLE_HARDENED_RUNTIME = YES;
				LIBRARY_SEARCH_PATHS = (
					"$(inherited)",
					"$(PROJECT_DIR)",
				);
				MACH_O_TYPE = mh_execute;
				MERGED_BINARY_TYPE = automatic;
				PRODUCT_NAME = "$(TARGET_NAME)";
			};
			name = Debug;
		};
		950C11CD2BADE9EA0082A4CC /* Release */ = {
			isa = XCBuildConfiguration;
			buildSettings = {
				CODE_SIGN_STYLE = Automatic;
				DEAD_CODE_STRIPPING = NO;
				DEVELOPMENT_TEAM = UPP8BNC6VR;
				ENABLE_HARDENED_RUNTIME = YES;
				LIBRARY_SEARCH_PATHS = (
					"$(inherited)",
					"$(PROJECT_DIR)",
				);
				MACH_O_TYPE = mh_execute;
				MERGED_BINARY_TYPE = automatic;
				PRODUCT_NAME = "$(TARGET_NAME)";
			};
			name = Release;
		};
		95E9B8362BAF063B00CFD8E6 /* Debug */ = {
			isa = XCBuildConfiguration;
			buildSettings = {
				CODE_SIGN_STYLE = Automatic;
				CURRENT_PROJECT_VERSION = 1;
				DEVELOPMENT_TEAM = UPP8BNC6VR;
				GENERATE_INFOPLIST_FILE = YES;
				MARKETING_VERSION = 1.0;
				PRODUCT_BUNDLE_IDENTIFIER = "tesingh.ft-printf-tests";
				PRODUCT_NAME = "$(TARGET_NAME)";
				SWIFT_EMIT_LOC_STRINGS = NO;
			};
			name = Debug;
		};
		95E9B8372BAF063B00CFD8E6 /* Release */ = {
			isa = XCBuildConfiguration;
			buildSettings = {
				CODE_SIGN_STYLE = Automatic;
				CURRENT_PROJECT_VERSION = 1;
				DEVELOPMENT_TEAM = UPP8BNC6VR;
				GENERATE_INFOPLIST_FILE = YES;
				MARKETING_VERSION = 1.0;
				PRODUCT_BUNDLE_IDENTIFIER = "tesingh.ft-printf-tests";
				PRODUCT_NAME = "$(TARGET_NAME)";
				SWIFT_EMIT_LOC_STRINGS = NO;
			};
			name = Release;
		};
/* End XCBuildConfiguration section */

/* Begin XCConfigurationList section */
		950C11BF2BADE9EA0082A4CC /* Build configuration list for PBXProject "ft_printf" */ = {
			isa = XCConfigurationList;
			buildConfigurations = (
				950C11C92BADE9EA0082A4CC /* Debug */,
				950C11CA2BADE9EA0082A4CC /* Release */,
			);
			defaultConfigurationIsVisible = 0;
			defaultConfigurationName = Release;
		};
		950C11CB2BADE9EA0082A4CC /* Build configuration list for PBXNativeTarget "ft_printf" */ = {
			isa = XCConfigurationList;
			buildConfigurations = (
				950C11CC2BADE9EA0082A4CC /* Debug */,
				950C11CD2BADE9EA0082A4CC /* Release */,
			);
			defaultConfigurationIsVisible = 0;
			defaultConfigurationName = Release;
		};
		95E9B8352BAF063B00CFD8E6 /* Build configuration list for PBXNativeTarget "ft_printf_tests" */ = {
			isa = XCConfigurationList;
			buildConfigurations = (
				95E9B8362BAF063B00CFD8E6 /* Debug */,
				95E9B8372BAF063B00CFD8E6 /* Release */,
			);
			defaultConfigurationIsVisible = 0;
			defaultConfigurationName = Release;
		};
/* End XCConfigurationList section */
	};
	rootObject = 950C11BC2BADE9EA0082A4CC /* Project object */;
}
